dependencies:
- name: mysql
  repository: https://charts.bitnami.com/bitnami
  version: 9.7.1
- name: memcached
  repository: https://charts.bitnami.com/bitnami
  version: 6.3.14
digest: sha256:29d13ac9c5ba875412484c99ea73b6fbc744145abdd18396339a8898748f7284
generated: "2023-06-28T17:50:07.256081153-07:00"
