dependencies:
- name: mysql
  repository: https://charts.bitnami.com/bitnami
  version: 9.7.1
- name: memcached
  repository: https://charts.bitnami.com/bitnami
  version: 6.3.14
digest: sha256:b91edca9da6f2828b965ab17102dc9c2f71bd434c7f245185d29b44715416365
generated: "2023-06-28T17:25:59.180771288-07:00"
